
Microsoft Visual Studio Solution File, Format Version 12.00
# Visual Studio Version 16
VisualStudioVersion = 16.0.31321.278
MinimumVisualStudioVersion = 10.0.40219.1
Project("{9A19103F-16F7-4668-BE54-9A1E7A4F7556}") = "Sales By Match", "Projects\Sales By Match\Sales By Match.csproj", "{04003A3B-8F6E-4612-BC26-3191416B9868}"
EndProject
Project("{9A19103F-16F7-4668-BE54-9A1E7A4F7556}") = "Counting Valleys", "Counting Valleys\Counting Valleys.csproj", "{1692771F-3297-4287-9FD9-EE22A0F9CEAC}"
EndProject
Project("{9A19103F-16F7-4668-BE54-9A1E7A4F7556}") = "Jumping On The Clouds", "Projects\Jumping On The Clouds\Jumping On The Clouds.csproj", "{638FB3E7-DAFC-498C-B14A-2498AED32F8A}"
EndProject
Project("{FAE04EC0-301F-11D3-BF4B-00C04F79EFBC}") = "Two Strings", "Two Strings\Two Strings.csproj", "{06864253-2237-4A26-9BA0-4F89502B1449}"
EndProject
Global
	GlobalSection(SolutionConfigurationPlatforms) = preSolution
		Debug|Any CPU = Debug|Any CPU
		Release|Any CPU = Release|Any CPU
	EndGlobalSection
	GlobalSection(ProjectConfigurationPlatforms) = postSolution
		{04003A3B-8F6E-4612-BC26-3191416B9868}.Debug|Any CPU.ActiveCfg = Debug|Any CPU
		{04003A3B-8F6E-4612-BC26-3191416B9868}.Debug|Any CPU.Build.0 = Debug|Any CPU
		{04003A3B-8F6E-4612-BC26-3191416B9868}.Release|Any CPU.ActiveCfg = Release|Any CPU
		{04003A3B-8F6E-4612-BC26-3191416B9868}.Release|Any CPU.Build.0 = Release|Any CPU
		{1692771F-3297-4287-9FD9-EE22A0F9CEAC}.Debug|Any CPU.ActiveCfg = Debug|Any CPU
		{1692771F-3297-4287-9FD9-EE22A0F9CEAC}.Debug|Any CPU.Build.0 = Debug|Any CPU
		{1692771F-3297-4287-9FD9-EE22A0F9CEAC}.Release|Any CPU.ActiveCfg = Release|Any CPU
		{1692771F-3297-4287-9FD9-EE22A0F9CEAC}.Release|Any CPU.Build.0 = Release|Any CPU
		{638FB3E7-DAFC-498C-B14A-2498AED32F8A}.Debug|Any CPU.ActiveCfg = Debug|Any CPU
		{638FB3E7-DAFC-498C-B14A-2498AED32F8A}.Debug|Any CPU.Build.0 = Debug|Any CPU
		{638FB3E7-DAFC-498C-B14A-2498AED32F8A}.Release|Any CPU.ActiveCfg = Release|Any CPU
		{638FB3E7-DAFC-498C-B14A-2498AED32F8A}.Release|Any CPU.Build.0 = Release|Any CPU
		{06864253-2237-4A26-9BA0-4F89502B1449}.Debug|Any CPU.ActiveCfg = Debug|Any CPU
		{06864253-2237-4A26-9BA0-4F89502B1449}.Debug|Any CPU.Build.0 = Debug|Any CPU
		{06864253-2237-4A26-9BA0-4F89502B1449}.Release|Any CPU.ActiveCfg = Release|Any CPU
		{06864253-2237-4A26-9BA0-4F89502B1449}.Release|Any CPU.Build.0 = Release|Any CPU
	EndGlobalSection
	GlobalSection(SolutionProperties) = preSolution
		HideSolutionNode = FALSE
	EndGlobalSection
	GlobalSection(ExtensibilityGlobals) = postSolution
		SolutionGuid = {CD2F000F-8A8F-43E7-B33C-7844F4A5F9B6}
	EndGlobalSection
EndGlobal
